// !$*UTF8*$!
{
	archiveVersion = 1;
	classes = {
	};
	objectVersion = 56;
	objects = {

/* Begin PBXBuildFile section */
		4AECCFF52B2B153600353EE2 /* MainVM.swift in Sources */ = {isa = PBXBuildFile; fileRef = 4AECCFDC2B2B153600353EE2 /* MainVM.swift */; };
		4AECCFF62B2B153600353EE2 /* OnboardingVM.swift in Sources */ = {isa = PBXBuildFile; fileRef = 4AECCFDD2B2B153600353EE2 /* OnboardingVM.swift */; };
		4AECCFF72B2B153600353EE2 /* SettingsVM.swift in Sources */ = {isa = PBXBuildFile; fileRef = 4AECCFDE2B2B153600353EE2 /* SettingsVM.swift */; };
		4AECCFF82B2B153600353EE2 /* AppVM.swift in Sources */ = {isa = PBXBuildFile; fileRef = 4AECCFDF2B2B153600353EE2 /* AppVM.swift */; };
		4AECCFF92B2B153600353EE2 /* MainTabView.swift in Sources */ = {isa = PBXBuildFile; fileRef = 4AECCFE22B2B153600353EE2 /* MainTabView.swift */; };
		4AECCFFA2B2B153600353EE2 /* MainPage.swift in Sources */ = {isa = PBXBuildFile; fileRef = 4AECCFE32B2B153600353EE2 /* MainPage.swift */; };
		4AECCFFB2B2B153600353EE2 /* SettingsPage.swift in Sources */ = {isa = PBXBuildFile; fileRef = 4AECCFE42B2B153600353EE2 /* SettingsPage.swift */; };
		4AECCFFC2B2B153600353EE2 /* InitialView.swift in Sources */ = {isa = PBXBuildFile; fileRef = 4AECCFE52B2B153600353EE2 /* InitialView.swift */; };
		4AECCFFD2B2B153600353EE2 /* OnboardingPage.swift in Sources */ = {isa = PBXBuildFile; fileRef = 4AECCFE72B2B153600353EE2 /* OnboardingPage.swift */; };
		4AECCFFE2B2B153600353EE2 /* Assets.xcassets in Resources */ = {isa = PBXBuildFile; fileRef = 4AECCFE92B2B153600353EE2 /* Assets.xcassets */; };
		4AECCFFF2B2B153600353EE2 /* Date.swift in Sources */ = {isa = PBXBuildFile; fileRef = 4AECCFEB2B2B153600353EE2 /* Date.swift */; };
		4AECD0002B2B153600353EE2 /* UINavigation.swift in Sources */ = {isa = PBXBuildFile; fileRef = 4AECCFEC2B2B153600353EE2 /* UINavigation.swift */; };
		4AECD0012B2B153600353EE2 /* UIScreen.swift in Sources */ = {isa = PBXBuildFile; fileRef = 4AECCFED2B2B153600353EE2 /* UIScreen.swift */; };
		4AECD0022B2B153600353EE2 /* Color.swift in Sources */ = {isa = PBXBuildFile; fileRef = 4AECCFEE2B2B153600353EE2 /* Color.swift */; };
		4AECD0032B2B153600353EE2 /* Application.swift in Sources */ = {isa = PBXBuildFile; fileRef = 4AECCFEF2B2B153600353EE2 /* Application.swift */; };
		4AECD0042B2B153600353EE2 /* ScaleButtonStyle.swift in Sources */ = {isa = PBXBuildFile; fileRef = 4AECCFF22B2B153600353EE2 /* ScaleButtonStyle.swift */; };
		4AECD0072B2B156000353EE2 /* README.md in Resources */ = {isa = PBXBuildFile; fileRef = 4AECD0062B2B156000353EE2 /* README.md */; };
		4AECD00C2B2B6D1F00353EE2 /* onboarding.mov in Resources */ = {isa = PBXBuildFile; fileRef = 4AECD0092B2B6D1F00353EE2 /* onboarding.mov */; };
		4AECD00D2B2B6D1F00353EE2 /* splash_screen.png in Resources */ = {isa = PBXBuildFile; fileRef = 4AECD00A2B2B6D1F00353EE2 /* splash_screen.png */; };
		4AECD00E2B2B6D1F00353EE2 /* onboarding.png in Resources */ = {isa = PBXBuildFile; fileRef = 4AECD00B2B2B6D1F00353EE2 /* onboarding.png */; };
/* End PBXBuildFile section */

/* Begin PBXFileReference section */
		4ADAB7EE2B2B12A900226178 /* Zakhrpha.app */ = {isa = PBXFileReference; explicitFileType = wrapper.application; includeInIndex = 0; path = Zakhrpha.app; sourceTree = BUILT_PRODUCTS_DIR; };
		4AECCFDC2B2B153600353EE2 /* MainVM.swift */ = {isa = PBXFileReference; fileEncoding = 4; lastKnownFileType = sourcecode.swift; path = MainVM.swift; sourceTree = "<group>"; };
		4AECCFDD2B2B153600353EE2 /* OnboardingVM.swift */ = {isa = PBXFileReference; fileEncoding = 4; lastKnownFileType = sourcecode.swift; path = OnboardingVM.swift; sourceTree = "<group>"; };
		4AECCFDE2B2B153600353EE2 /* SettingsVM.swift */ = {isa = PBXFileReference; fileEncoding = 4; lastKnownFileType = sourcecode.swift; path = SettingsVM.swift; sourceTree = "<group>"; };
		4AECCFDF2B2B153600353EE2 /* AppVM.swift */ = {isa = PBXFileReference; fileEncoding = 4; lastKnownFileType = sourcecode.swift; path = AppVM.swift; sourceTree = "<group>"; };
		4AECCFE22B2B153600353EE2 /* MainTabView.swift */ = {isa = PBXFileReference; fileEncoding = 4; lastKnownFileType = sourcecode.swift; path = MainTabView.swift; sourceTree = "<group>"; };
		4AECCFE32B2B153600353EE2 /* MainPage.swift */ = {isa = PBXFileReference; fileEncoding = 4; lastKnownFileType = sourcecode.swift; path = MainPage.swift; sourceTree = "<group>"; };
		4AECCFE42B2B153600353EE2 /* SettingsPage.swift */ = {isa = PBXFileReference; fileEncoding = 4; lastKnownFileType = sourcecode.swift; path = SettingsPage.swift; sourceTree = "<group>"; };
		4AECCFE52B2B153600353EE2 /* InitialView.swift */ = {isa = PBXFileReference; fileEncoding = 4; lastKnownFileType = sourcecode.swift; path = InitialView.swift; sourceTree = "<group>"; };
		4AECCFE72B2B153600353EE2 /* OnboardingPage.swift */ = {isa = PBXFileReference; fileEncoding = 4; lastKnownFileType = sourcecode.swift; path = OnboardingPage.swift; sourceTree = "<group>"; };
		4AECCFE92B2B153600353EE2 /* Assets.xcassets */ = {isa = PBXFileReference; lastKnownFileType = folder.assetcatalog; path = Assets.xcassets; sourceTree = "<group>"; };
		4AECCFEB2B2B153600353EE2 /* Date.swift */ = {isa = PBXFileReference; fileEncoding = 4; lastKnownFileType = sourcecode.swift; path = Date.swift; sourceTree = "<group>"; };
		4AECCFEC2B2B153600353EE2 /* UINavigation.swift */ = {isa = PBXFileReference; fileEncoding = 4; lastKnownFileType = sourcecode.swift; path = UINavigation.swift; sourceTree = "<group>"; };
		4AECCFED2B2B153600353EE2 /* UIScreen.swift */ = {isa = PBXFileReference; fileEncoding = 4; lastKnownFileType = sourcecode.swift; path = UIScreen.swift; sourceTree = "<group>"; };
		4AECCFEE2B2B153600353EE2 /* Color.swift */ = {isa = PBXFileReference; fileEncoding = 4; lastKnownFileType = sourcecode.swift; path = Color.swift; sourceTree = "<group>"; };
		4AECCFEF2B2B153600353EE2 /* Application.swift */ = {isa = PBXFileReference; fileEncoding = 4; lastKnownFileType = sourcecode.swift; path = Application.swift; sourceTree = "<group>"; };
		4AECCFF22B2B153600353EE2 /* ScaleButtonStyle.swift */ = {isa = PBXFileReference; fileEncoding = 4; lastKnownFileType = sourcecode.swift; path = ScaleButtonStyle.swift; sourceTree = "<group>"; };
		4AECD0062B2B156000353EE2 /* README.md */ = {isa = PBXFileReference; lastKnownFileType = net.daringfireball.markdown; path = README.md; sourceTree = "<group>"; };
		4AECD0092B2B6D1F00353EE2 /* onboarding.mov */ = {isa = PBXFileReference; lastKnownFileType = video.quicktime; path = onboarding.mov; sourceTree = "<group>"; };
		4AECD00A2B2B6D1F00353EE2 /* splash_screen.png */ = {isa = PBXFileReference; lastKnownFileType = image.png; path = splash_screen.png; sourceTree = "<group>"; };
		4AECD00B2B2B6D1F00353EE2 /* onboarding.png */ = {isa = PBXFileReference; lastKnownFileType = image.png; path = onboarding.png; sourceTree = "<group>"; };
/* End PBXFileReference section */

/* Begin PBXFrameworksBuildPhase section */
		4ADAB7EB2B2B12A900226178 /* Frameworks */ = {
			isa = PBXFrameworksBuildPhase;
			buildActionMask = 2147483647;
			files = (
			);
			runOnlyForDeploymentPostprocessing = 0;
		};
/* End PBXFrameworksBuildPhase section */

/* Begin PBXGroup section */
		4ADAB7E52B2B12A900226178 = {
			isa = PBXGroup;
			children = (
				4AECD0062B2B156000353EE2 /* README.md */,
				4AECD0082B2B6BB900353EE2 /* Assets */,
				4ADAB7F02B2B12A900226178 /* Zakhrpha */,
				4ADAB7EF2B2B12A900226178 /* Products */,
			);
			sourceTree = "<group>";
		};
		4ADAB7EF2B2B12A900226178 /* Products */ = {
			isa = PBXGroup;
			children = (
				4ADAB7EE2B2B12A900226178 /* Zakhrpha.app */,
			);
			name = Products;
			sourceTree = "<group>";
		};
		4ADAB7F02B2B12A900226178 /* Zakhrpha */ = {
			isa = PBXGroup;
			children = (
				4AECCFE82B2B153600353EE2 /* App */,
				4AECCFE02B2B153600353EE2 /* View */,
				4AECCFDB2B2B153600353EE2 /* ViewModel */,
				4AECCFF02B2B153600353EE2 /* Widgets */,
			);
			path = Zakhrpha;
			sourceTree = "<group>";
		};
		4AECCFDB2B2B153600353EE2 /* ViewModel */ = {
			isa = PBXGroup;
			children = (
				4AECCFDC2B2B153600353EE2 /* MainVM.swift */,
				4AECCFDD2B2B153600353EE2 /* OnboardingVM.swift */,
				4AECCFDE2B2B153600353EE2 /* SettingsVM.swift */,
				4AECCFDF2B2B153600353EE2 /* AppVM.swift */,
			);
			path = ViewModel;
			sourceTree = "<group>";
		};
		4AECCFE02B2B153600353EE2 /* View */ = {
			isa = PBXGroup;
			children = (
				4AECCFE52B2B153600353EE2 /* InitialView.swift */,
				4AECCFE12B2B153600353EE2 /* MainPages */,
				4AECCFE62B2B153600353EE2 /* Onboarding */,
			);
			path = View;
			sourceTree = "<group>";
		};
		4AECCFE12B2B153600353EE2 /* MainPages */ = {
			isa = PBXGroup;
			children = (
				4AECCFE22B2B153600353EE2 /* MainTabView.swift */,
				4AECCFE32B2B153600353EE2 /* MainPage.swift */,
				4AECCFE42B2B153600353EE2 /* SettingsPage.swift */,
			);
			path = MainPages;
			sourceTree = "<group>";
		};
		4AECCFE62B2B153600353EE2 /* Onboarding */ = {
			isa = PBXGroup;
			children = (
				4AECCFE72B2B153600353EE2 /* OnboardingPage.swift */,
			);
			path = Onboarding;
			sourceTree = "<group>";
		};
		4AECCFE82B2B153600353EE2 /* App */ = {
			isa = PBXGroup;
			children = (
				4AECCFE92B2B153600353EE2 /* Assets.xcassets */,
				4AECCFEA2B2B153600353EE2 /* Extensions */,
				4AECCFEF2B2B153600353EE2 /* Application.swift */,
			);
			path = App;
			sourceTree = "<group>";
		};
		4AECCFEA2B2B153600353EE2 /* Extensions */ = {
			isa = PBXGroup;
			children = (
				4AECCFEB2B2B153600353EE2 /* Date.swift */,
				4AECCFEC2B2B153600353EE2 /* UINavigation.swift */,
				4AECCFED2B2B153600353EE2 /* UIScreen.swift */,
				4AECCFEE2B2B153600353EE2 /* Color.swift */,
			);
			path = Extensions;
			sourceTree = "<group>";
		};
		4AECCFF02B2B153600353EE2 /* Widgets */ = {
			isa = PBXGroup;
			children = (
				4AECCFF12B2B153600353EE2 /* Styles */,
			);
			path = Widgets;
			sourceTree = "<group>";
		};
		4AECCFF12B2B153600353EE2 /* Styles */ = {
			isa = PBXGroup;
			children = (
				4AECCFF22B2B153600353EE2 /* ScaleButtonStyle.swift */,
			);
			path = Styles;
			sourceTree = "<group>";
		};
		4AECD0082B2B6BB900353EE2 /* Assets */ = {
			isa = PBXGroup;
			children = (
				4AECD0092B2B6D1F00353EE2 /* onboarding.mov */,
				4AECD00A2B2B6D1F00353EE2 /* splash_screen.png */,
				4AECD00B2B2B6D1F00353EE2 /* onboarding.png */,
			);
			path = Assets;
			sourceTree = "<group>";
		};
/* End PBXGroup section */

/* Begin PBXNativeTarget section */
		4ADAB7ED2B2B12A900226178 /* Zakhrpha */ = {
			isa = PBXNativeTarget;
			buildConfigurationList = 4ADAB7FC2B2B12AB00226178 /* Build configuration list for PBXNativeTarget "Zakhrpha" */;
			buildPhases = (
				4ADAB7EA2B2B12A900226178 /* Sources */,
				4ADAB7EB2B2B12A900226178 /* Frameworks */,
				4ADAB7EC2B2B12A900226178 /* Resources */,
			);
			buildRules = (
			);
			dependencies = (
			);
			name = Zakhrpha;
			productName = Zakhrpha;
			productReference = 4ADAB7EE2B2B12A900226178 /* Zakhrpha.app */;
			productType = "com.apple.product-type.application";
		};
/* End PBXNativeTarget section */

/* Begin PBXProject section */
		4ADAB7E62B2B12A900226178 /* Project object */ = {
			isa = PBXProject;
			attributes = {
				BuildIndependentTargetsInParallel = 1;
				LastSwiftUpdateCheck = 1500;
				LastUpgradeCheck = 1500;
				TargetAttributes = {
					4ADAB7ED2B2B12A900226178 = {
						CreatedOnToolsVersion = 15.0.1;
					};
				};
			};
			buildConfigurationList = 4ADAB7E92B2B12A900226178 /* Build configuration list for PBXProject "Zakhrpha" */;
			compatibilityVersion = "Xcode 14.0";
			developmentRegion = en;
			hasScannedForEncodings = 0;
			knownRegions = (
				en,
				Base,
			);
			mainGroup = 4ADAB7E52B2B12A900226178;
			productRefGroup = 4ADAB7EF2B2B12A900226178 /* Products */;
			projectDirPath = "";
			projectRoot = "";
			targets = (
				4ADAB7ED2B2B12A900226178 /* Zakhrpha */,
			);
		};
/* End PBXProject section */

/* Begin PBXResourcesBuildPhase section */
		4ADAB7EC2B2B12A900226178 /* Resources */ = {
			isa = PBXResourcesBuildPhase;
			buildActionMask = 2147483647;
			files = (
				4AECD00E2B2B6D1F00353EE2 /* onboarding.png in Resources */,
				4AECD00D2B2B6D1F00353EE2 /* splash_screen.png in Resources */,
				4AECD0072B2B156000353EE2 /* README.md in Resources */,
				4AECCFFE2B2B153600353EE2 /* Assets.xcassets in Resources */,
				4AECD00C2B2B6D1F00353EE2 /* onboarding.mov in Resources */,
			);
			runOnlyForDeploymentPostprocessing = 0;
		};
/* End PBXResourcesBuildPhase section */

/* Begin PBXSourcesBuildPhase section */
		4ADAB7EA2B2B12A900226178 /* Sources */ = {
			isa = PBXSourcesBuildPhase;
			buildActionMask = 2147483647;
			files = (
				4AECD0032B2B153600353EE2 /* Application.swift in Sources */,
				4AECCFFB2B2B153600353EE2 /* SettingsPage.swift in Sources */,
				4AECCFF52B2B153600353EE2 /* MainVM.swift in Sources */,
				4AECD0002B2B153600353EE2 /* UINavigation.swift in Sources */,
				4AECCFFC2B2B153600353EE2 /* InitialView.swift in Sources */,
				4AECD0012B2B153600353EE2 /* UIScreen.swift in Sources */,
				4AECCFFD2B2B153600353EE2 /* OnboardingPage.swift in Sources */,
				4AECD0022B2B153600353EE2 /* Color.swift in Sources */,
				4AECCFFA2B2B153600353EE2 /* MainPage.swift in Sources */,
				4AECD0042B2B153600353EE2 /* ScaleButtonStyle.swift in Sources */,
				4AECCFFF2B2B153600353EE2 /* Date.swift in Sources */,
				4AECCFF62B2B153600353EE2 /* OnboardingVM.swift in Sources */,
				4AECCFF92B2B153600353EE2 /* MainTabView.swift in Sources */,
				4AECCFF82B2B153600353EE2 /* AppVM.swift in Sources */,
				4AECCFF72B2B153600353EE2 /* SettingsVM.swift in Sources */,
			);
			runOnlyForDeploymentPostprocessing = 0;
		};
/* End PBXSourcesBuildPhase section */

/* Begin XCBuildConfiguration section */
		4ADAB7FA2B2B12AB00226178 /* Debug */ = {
			isa = XCBuildConfiguration;
			buildSettings = {
				ALWAYS_SEARCH_USER_PATHS = NO;
				ASSETCATALOG_COMPILER_GENERATE_SWIFT_ASSET_SYMBOL_EXTENSIONS = YES;
				CLANG_ANALYZER_NONNULL = YES;
				CLANG_ANALYZER_NUMBER_OBJECT_CONVERSION = YES_AGGRESSIVE;
				CLANG_CXX_LANGUAGE_STANDARD = "gnu++20";
				CLANG_ENABLE_MODULES = YES;
				CLANG_ENABLE_OBJC_ARC = YES;
				CLANG_ENABLE_OBJC_WEAK = YES;
				CLANG_WARN_BLOCK_CAPTURE_AUTORELEASING = YES;
				CLANG_WARN_BOOL_CONVERSION = YES;
				CLANG_WARN_COMMA = YES;
				CLANG_WARN_CONSTANT_CONVERSION = YES;
				CLANG_WARN_DEPRECATED_OBJC_IMPLEMENTATIONS = YES;
				CLANG_WARN_DIRECT_OBJC_ISA_USAGE = YES_ERROR;
				CLANG_WARN_DOCUMENTATION_COMMENTS = YES;
				CLANG_WARN_EMPTY_BODY = YES;
				CLANG_WARN_ENUM_CONVERSION = YES;
				CLANG_WARN_INFINITE_RECURSION = YES;
				CLANG_WARN_INT_CONVERSION = YES;
				CLANG_WARN_NON_LITERAL_NULL_CONVERSION = YES;
				CLANG_WARN_OBJC_IMPLICIT_RETAIN_SELF = YES;
				CLANG_WARN_OBJC_LITERAL_CONVERSION = YES;
				CLANG_WARN_OBJC_ROOT_CLASS = YES_ERROR;
				CLANG_WARN_QUOTED_INCLUDE_IN_FRAMEWORK_HEADER = YES;
				CLANG_WARN_RANGE_LOOP_ANALYSIS = YES;
				CLANG_WARN_STRICT_PROTOTYPES = YES;
				CLANG_WARN_SUSPICIOUS_MOVE = YES;
				CLANG_WARN_UNGUARDED_AVAILABILITY = YES_AGGRESSIVE;
				CLANG_WARN_UNREACHABLE_CODE = YES;
				CLANG_WARN__DUPLICATE_METHOD_MATCH = YES;
				COPY_PHASE_STRIP = NO;
				DEBUG_INFORMATION_FORMAT = dwarf;
				ENABLE_STRICT_OBJC_MSGSEND = YES;
				ENABLE_TESTABILITY = YES;
				ENABLE_USER_SCRIPT_SANDBOXING = YES;
				GCC_C_LANGUAGE_STANDARD = gnu17;
				GCC_DYNAMIC_NO_PIC = NO;
				GCC_NO_COMMON_BLOCKS = YES;
				GCC_OPTIMIZATION_LEVEL = 0;
				GCC_PREPROCESSOR_DEFINITIONS = (
					"DEBUG=1",
					"$(inherited)",
				);
				GCC_WARN_64_TO_32_BIT_CONVERSION = YES;
				GCC_WARN_ABOUT_RETURN_TYPE = YES_ERROR;
				GCC_WARN_UNDECLARED_SELECTOR = YES;
				GCC_WARN_UNINITIALIZED_AUTOS = YES_AGGRESSIVE;
				GCC_WARN_UNUSED_FUNCTION = YES;
				GCC_WARN_UNUSED_VARIABLE = YES;
				IPHONEOS_DEPLOYMENT_TARGET = 17.0;
				LOCALIZATION_PREFERS_STRING_CATALOGS = YES;
				MTL_ENABLE_DEBUG_INFO = INCLUDE_SOURCE;
				MTL_FAST_MATH = YES;
				ONLY_ACTIVE_ARCH = YES;
				SDKROOT = iphoneos;
				SWIFT_ACTIVE_COMPILATION_CONDITIONS = "DEBUG $(inherited)";
				SWIFT_OPTIMIZATION_LEVEL = "-Onone";
			};
			name = Debug;
		};
		4ADAB7FB2B2B12AB00226178 /* Release */ = {
			isa = XCBuildConfiguration;
			buildSettings = {
				ALWAYS_SEARCH_USER_PATHS = NO;
				ASSETCATALOG_COMPILER_GENERATE_SWIFT_ASSET_SYMBOL_EXTENSIONS = YES;
				CLANG_ANALYZER_NONNULL = YES;
				CLANG_ANALYZER_NUMBER_OBJECT_CONVERSION = YES_AGGRESSIVE;
				CLANG_CXX_LANGUAGE_STANDARD = "gnu++20";
				CLANG_ENABLE_MODULES = YES;
				CLANG_ENABLE_OBJC_ARC = YES;
				CLANG_ENABLE_OBJC_WEAK = YES;
				CLANG_WARN_BLOCK_CAPTURE_AUTORELEASING = YES;
				CLANG_WARN_BOOL_CONVERSION = YES;
				CLANG_WARN_COMMA = YES;
				CLANG_WARN_CONSTANT_CONVERSION = YES;
				CLANG_WARN_DEPRECATED_OBJC_IMPLEMENTATIONS = YES;
				CLANG_WARN_DIRECT_OBJC_ISA_USAGE = YES_ERROR;
				CLANG_WARN_DOCUMENTATION_COMMENTS = YES;
				CLANG_WARN_EMPTY_BODY = YES;
				CLANG_WARN_ENUM_CONVERSION = YES;
				CLANG_WARN_INFINITE_RECURSION = YES;
				CLANG_WARN_INT_CONVERSION = YES;
				CLANG_WARN_NON_LITERAL_NULL_CONVERSION = YES;
				CLANG_WARN_OBJC_IMPLICIT_RETAIN_SELF = YES;
				CLANG_WARN_OBJC_LITERAL_CONVERSION = YES;
				CLANG_WARN_OBJC_ROOT_CLASS = YES_ERROR;
				CLANG_WARN_QUOTED_INCLUDE_IN_FRAMEWORK_HEADER = YES;
				CLANG_WARN_RANGE_LOOP_ANALYSIS = YES;
				CLANG_WARN_STRICT_PROTOTYPES = YES;
				CLANG_WARN_SUSPICIOUS_MOVE = YES;
				CLANG_WARN_UNGUARDED_AVAILABILITY = YES_AGGRESSIVE;
				CLANG_WARN_UNREACHABLE_CODE = YES;
				CLANG_WARN__DUPLICATE_METHOD_MATCH = YES;
				COPY_PHASE_STRIP = NO;
				DEBUG_INFORMATION_FORMAT = "dwarf-with-dsym";
				ENABLE_NS_ASSERTIONS = NO;
				ENABLE_STRICT_OBJC_MSGSEND = YES;
				ENABLE_USER_SCRIPT_SANDBOXING = YES;
				GCC_C_LANGUAGE_STANDARD = gnu17;
				GCC_NO_COMMON_BLOCKS = YES;
				GCC_WARN_64_TO_32_BIT_CONVERSION = YES;
				GCC_WARN_ABOUT_RETURN_TYPE = YES_ERROR;
				GCC_WARN_UNDECLARED_SELECTOR = YES;
				GCC_WARN_UNINITIALIZED_AUTOS = YES_AGGRESSIVE;
				GCC_WARN_UNUSED_FUNCTION = YES;
				GCC_WARN_UNUSED_VARIABLE = YES;
				IPHONEOS_DEPLOYMENT_TARGET = 17.0;
				LOCALIZATION_PREFERS_STRING_CATALOGS = YES;
				MTL_ENABLE_DEBUG_INFO = NO;
				MTL_FAST_MATH = YES;
				SDKROOT = iphoneos;
				SWIFT_COMPILATION_MODE = wholemodule;
				VALIDATE_PRODUCT = YES;
			};
			name = Release;
		};
		4ADAB7FD2B2B12AB00226178 /* Debug */ = {
			isa = XCBuildConfiguration;
			buildSettings = {
				ASSETCATALOG_COMPILER_APPICON_NAME = AppIcon;
				ASSETCATALOG_COMPILER_GLOBAL_ACCENT_COLOR_NAME = AccentColor;
				CODE_SIGN_STYLE = Automatic;
				CURRENT_PROJECT_VERSION = 1;
				DEVELOPMENT_TEAM = LTJFRK5W6R;
				ENABLE_PREVIEWS = YES;
				GENERATE_INFOPLIST_FILE = YES;
				INFOPLIST_KEY_UIApplicationSceneManifest_Generation = YES;
				INFOPLIST_KEY_UIApplicationSupportsIndirectInputEvents = YES;
				INFOPLIST_KEY_UILaunchScreen_Generation = YES;
				INFOPLIST_KEY_UISupportedInterfaceOrientations_iPad = "UIInterfaceOrientationPortrait UIInterfaceOrientationPortraitUpsideDown UIInterfaceOrientationLandscapeLeft UIInterfaceOrientationLandscapeRight";
				INFOPLIST_KEY_UISupportedInterfaceOrientations_iPhone = "UIInterfaceOrientationPortrait UIInterfaceOrientationLandscapeLeft UIInterfaceOrientationLandscapeRight";
				LD_RUNPATH_SEARCH_PATHS = (
					"$(inherited)",
					"@executable_path/Frameworks",
				);
				MARKETING_VERSION = 1.0;
				PRODUCT_BUNDLE_IDENTIFIER = ios.Zakhrpha.Zakhrpha;
				PRODUCT_NAME = "$(TARGET_NAME)";
				SWIFT_EMIT_LOC_STRINGS = YES;
				SWIFT_VERSION = 5.0;
				TARGETED_DEVICE_FAMILY = "1,2";
			};
			name = Debug;
		};
		4ADAB7FE2B2B12AB00226178 /* Release */ = {
			isa = XCBuildConfiguration;
			buildSettings = {
				ASSETCATALOG_COMPILER_APPICON_NAME = AppIcon;
				ASSETCATALOG_COMPILER_GLOBAL_ACCENT_COLOR_NAME = AccentColor;
				CODE_SIGN_STYLE = Automatic;
				CURRENT_PROJECT_VERSION = 1;
				DEVELOPMENT_TEAM = LTJFRK5W6R;
				ENABLE_PREVIEWS = YES;
				GENERATE_INFOPLIST_FILE = YES;
				INFOPLIST_KEY_UIApplicationSceneManifest_Generation = YES;
				INFOPLIST_KEY_UIApplicationSupportsIndirectInputEvents = YES;
				INFOPLIST_KEY_UILaunchScreen_Generation = YES;
				INFOPLIST_KEY_UISupportedInterfaceOrientations_iPad = "UIInterfaceOrientationPortrait UIInterfaceOrientationPortraitUpsideDown UIInterfaceOrientationLandscapeLeft UIInterfaceOrientationLandscapeRight";
				INFOPLIST_KEY_UISupportedInterfaceOrientations_iPhone = "UIInterfaceOrientationPortrait UIInterfaceOrientationLandscapeLeft UIInterfaceOrientationLandscapeRight";
				LD_RUNPATH_SEARCH_PATHS = (
					"$(inherited)",
					"@executable_path/Frameworks",
				);
				MARKETING_VERSION = 1.0;
				PRODUCT_BUNDLE_IDENTIFIER = ios.Zakhrpha.Zakhrpha;
				PRODUCT_NAME = "$(TARGET_NAME)";
				SWIFT_EMIT_LOC_STRINGS = YES;
				SWIFT_VERSION = 5.0;
				TARGETED_DEVICE_FAMILY = "1,2";
			};
			name = Release;
		};
/* End XCBuildConfiguration section */

/* Begin XCConfigurationList section */
		4ADAB7E92B2B12A900226178 /* Build configuration list for PBXProject "Zakhrpha" */ = {
			isa = XCConfigurationList;
			buildConfigurations = (
				4ADAB7FA2B2B12AB00226178 /* Debug */,
				4ADAB7FB2B2B12AB00226178 /* Release */,
			);
			defaultConfigurationIsVisible = 0;
			defaultConfigurationName = Release;
		};
		4ADAB7FC2B2B12AB00226178 /* Build configuration list for PBXNativeTarget "Zakhrpha" */ = {
			isa = XCConfigurationList;
			buildConfigurations = (
				4ADAB7FD2B2B12AB00226178 /* Debug */,
				4ADAB7FE2B2B12AB00226178 /* Release */,
			);
			defaultConfigurationIsVisible = 0;
			defaultConfigurationName = Release;
		};
/* End XCConfigurationList section */
	};
	rootObject = 4ADAB7E62B2B12A900226178 /* Project object */;
}
